
Microsoft Visual Studio Solution File, Format Version 12.00
# Visual Studio 15
VisualStudioVersion = 15.0.27428.2015
MinimumVisualStudioVersion = 10.0.40219.1
Project("{FAE04EC0-301F-11D3-BF4B-00C04F79EFBC}") = "DBAccessNugetLibrary", "DBAccessNugetLibrary\DBAccessNugetLibrary.csproj", "{6F60C30B-E210-4D33-A4ED-5C7B1E3845D4}"
EndProject
Project("{FAE04EC0-301F-11D3-BF4B-00C04F79EFBC}") = "UnitTestProject", "UnitTestProject\UnitTestProject.csproj", "{D0523AF5-74C2-48ED-AA30-FF3C0AE4B38E}"
EndProject
Global
	GlobalSection(SolutionConfigurationPlatforms) = preSolution
		Debug|Any CPU = Debug|Any CPU
		DEV|Any CPU = DEV|Any CPU
		Release|Any CPU = Release|Any CPU
	EndGlobalSection
	GlobalSection(ProjectConfigurationPlatforms) = postSolution
		{6F60C30B-E210-4D33-A4ED-5C7B1E3845D4}.Debug|Any CPU.ActiveCfg = Debug|Any CPU
		{6F60C30B-E210-4D33-A4ED-5C7B1E3845D4}.Debug|Any CPU.Build.0 = Debug|Any CPU
		{6F60C30B-E210-4D33-A4ED-5C7B1E3845D4}.DEV|Any CPU.ActiveCfg = DEV|Any CPU
		{6F60C30B-E210-4D33-A4ED-5C7B1E3845D4}.DEV|Any CPU.Build.0 = DEV|Any CPU
		{6F60C30B-E210-4D33-A4ED-5C7B1E3845D4}.Release|Any CPU.ActiveCfg = Release|Any CPU
		{6F60C30B-E210-4D33-A4ED-5C7B1E3845D4}.Release|Any CPU.Build.0 = Release|Any CPU
		{D0523AF5-74C2-48ED-AA30-FF3C0AE4B38E}.Debug|Any CPU.ActiveCfg = Debug|Any CPU
		{D0523AF5-74C2-48ED-AA30-FF3C0AE4B38E}.Debug|Any CPU.Build.0 = Debug|Any CPU
		{D0523AF5-74C2-48ED-AA30-FF3C0AE4B38E}.DEV|Any CPU.ActiveCfg = DEV|Any CPU
		{D0523AF5-74C2-48ED-AA30-FF3C0AE4B38E}.DEV|Any CPU.Build.0 = DEV|Any CPU
		{D0523AF5-74C2-48ED-AA30-FF3C0AE4B38E}.Release|Any CPU.ActiveCfg = Release|Any CPU
		{D0523AF5-74C2-48ED-AA30-FF3C0AE4B38E}.Release|Any CPU.Build.0 = Release|Any CPU
	EndGlobalSection
	GlobalSection(SolutionProperties) = preSolution
		HideSolutionNode = FALSE
	EndGlobalSection
	GlobalSection(ExtensibilityGlobals) = postSolution
		SolutionGuid = {2098B313-2311-4809-9D81-358EE18893D4}
	EndGlobalSection
EndGlobal
