
Microsoft Visual Studio Solution File, Format Version 12.00
# Visual Studio 15
VisualStudioVersion = 15.0.28010.2016
MinimumVisualStudioVersion = 10.0.40219.1
Project("{FAE04EC0-301F-11D3-BF4B-00C04F79EFBC}") = "PFW.SchrodersCom.TA", "PFW.SchrodersCom.TA\PFW.SchrodersCom.TA.csproj", "{C572170C-1ABB-449B-BE02-8344EB934544}"
EndProject
Global
	GlobalSection(SolutionConfigurationPlatforms) = preSolution
		Debug|Any CPU = Debug|Any CPU
		DEV_LOCAL|Any CPU = DEV_LOCAL|Any CPU
		DEV_REMOTE|Any CPU = DEV_REMOTE|Any CPU
		PROD_CHROME_HEADLESSOFF|Any CPU = PROD_CHROME_HEADLESSOFF|Any CPU
		PROD_CHROME_HEADLESSON|Any CPU = PROD_CHROME_HEADLESSON|Any CPU
		PROD_FIREFOX_HEADLESSOFF|Any CPU = PROD_FIREFOX_HEADLESSOFF|Any CPU
		PROD_FIREFOX_HEADLESSON|Any CPU = PROD_FIREFOX_HEADLESSON|Any CPU
		PROD_INTERNETEXPLORER|Any CPU = PROD_INTERNETEXPLORER|Any CPU
		Release|Any CPU = Release|Any CPU
		SYS1_CHROME_HEADLESSOFF|Any CPU = SYS1_CHROME_HEADLESSOFF|Any CPU
		SYS1_CHROME_HEADLESSON|Any CPU = SYS1_CHROME_HEADLESSON|Any CPU
		SYS1_FIREFOX_HEADLESSOFF|Any CPU = SYS1_FIREFOX_HEADLESSOFF|Any CPU
		SYS1_FIREFOX_HEADLESSON|Any CPU = SYS1_FIREFOX_HEADLESSON|Any CPU
		SYS1_INTERNETEXPLORER|Any CPU = SYS1_INTERNETEXPLORER|Any CPU
		UAT_CHROME_HEADLESSOFF|Any CPU = UAT_CHROME_HEADLESSOFF|Any CPU
		UAT_CHROME_HEADLESSON|Any CPU = UAT_CHROME_HEADLESSON|Any CPU
		UAT_FIREFOX_HEADLESSOFF|Any CPU = UAT_FIREFOX_HEADLESSOFF|Any CPU
		UAT_FIREFOX_HEADLESSON|Any CPU = UAT_FIREFOX_HEADLESSON|Any CPU
		UAT_INTERNETEXPLORER|Any CPU = UAT_INTERNETEXPLORER|Any CPU
	EndGlobalSection
	GlobalSection(ProjectConfigurationPlatforms) = postSolution
		{C572170C-1ABB-449B-BE02-8344EB934544}.Debug|Any CPU.ActiveCfg = Debug|Any CPU
		{C572170C-1ABB-449B-BE02-8344EB934544}.Debug|Any CPU.Build.0 = Debug|Any CPU
		{C572170C-1ABB-449B-BE02-8344EB934544}.DEV_LOCAL|Any CPU.ActiveCfg = DEV_LOCAL|Any CPU
		{C572170C-1ABB-449B-BE02-8344EB934544}.DEV_LOCAL|Any CPU.Build.0 = DEV_LOCAL|Any CPU
		{C572170C-1ABB-449B-BE02-8344EB934544}.DEV_REMOTE|Any CPU.ActiveCfg = DEV_REMOTE|Any CPU
		{C572170C-1ABB-449B-BE02-8344EB934544}.DEV_REMOTE|Any CPU.Build.0 = DEV_REMOTE|Any CPU
		{C572170C-1ABB-449B-BE02-8344EB934544}.PROD_CHROME_HEADLESSOFF|Any CPU.ActiveCfg = PROD_CHROME_HEADLESSOFF|Any CPU
		{C572170C-1ABB-449B-BE02-8344EB934544}.PROD_CHROME_HEADLESSOFF|Any CPU.Build.0 = PROD_CHROME_HEADLESSOFF|Any CPU
		{C572170C-1ABB-449B-BE02-8344EB934544}.PROD_CHROME_HEADLESSON|Any CPU.ActiveCfg = PROD_CHROME_HEADLESSON|Any CPU
		{C572170C-1ABB-449B-BE02-8344EB934544}.PROD_CHROME_HEADLESSON|Any CPU.Build.0 = PROD_CHROME_HEADLESSON|Any CPU
		{C572170C-1ABB-449B-BE02-8344EB934544}.PROD_FIREFOX_HEADLESSOFF|Any CPU.ActiveCfg = PROD_FIREFOX_HEADLESSOFF|Any CPU
		{C572170C-1ABB-449B-BE02-8344EB934544}.PROD_FIREFOX_HEADLESSOFF|Any CPU.Build.0 = PROD_FIREFOX_HEADLESSOFF|Any CPU
		{C572170C-1ABB-449B-BE02-8344EB934544}.PROD_FIREFOX_HEADLESSON|Any CPU.ActiveCfg = PROD_FIREFOX_HEADLESSON|Any CPU
		{C572170C-1ABB-449B-BE02-8344EB934544}.PROD_FIREFOX_HEADLESSON|Any CPU.Build.0 = PROD_FIREFOX_HEADLESSON|Any CPU
		{C572170C-1ABB-449B-BE02-8344EB934544}.PROD_INTERNETEXPLORER|Any CPU.ActiveCfg = PROD_INTERNETEXPLORER|Any CPU
		{C572170C-1ABB-449B-BE02-8344EB934544}.PROD_INTERNETEXPLORER|Any CPU.Build.0 = PROD_INTERNETEXPLORER|Any CPU
		{C572170C-1ABB-449B-BE02-8344EB934544}.Release|Any CPU.ActiveCfg = Release|Any CPU
		{C572170C-1ABB-449B-BE02-8344EB934544}.Release|Any CPU.Build.0 = Release|Any CPU
		{C572170C-1ABB-449B-BE02-8344EB934544}.SYS1_CHROME_HEADLESSOFF|Any CPU.ActiveCfg = SYS1_CHROME_HEADLESSOFF|Any CPU
		{C572170C-1ABB-449B-BE02-8344EB934544}.SYS1_CHROME_HEADLESSOFF|Any CPU.Build.0 = SYS1_CHROME_HEADLESSOFF|Any CPU
		{C572170C-1ABB-449B-BE02-8344EB934544}.SYS1_CHROME_HEADLESSON|Any CPU.ActiveCfg = SYS1_CHROME_HEADLESSON|Any CPU
		{C572170C-1ABB-449B-BE02-8344EB934544}.SYS1_CHROME_HEADLESSON|Any CPU.Build.0 = SYS1_CHROME_HEADLESSON|Any CPU
		{C572170C-1ABB-449B-BE02-8344EB934544}.SYS1_FIREFOX_HEADLESSOFF|Any CPU.ActiveCfg = SYS1_FIREFOX_HEADLESSOFF|Any CPU
		{C572170C-1ABB-449B-BE02-8344EB934544}.SYS1_FIREFOX_HEADLESSOFF|Any CPU.Build.0 = SYS1_FIREFOX_HEADLESSOFF|Any CPU
		{C572170C-1ABB-449B-BE02-8344EB934544}.SYS1_FIREFOX_HEADLESSON|Any CPU.ActiveCfg = SYS1_FIREFOX_HEADLESSON|Any CPU
		{C572170C-1ABB-449B-BE02-8344EB934544}.SYS1_FIREFOX_HEADLESSON|Any CPU.Build.0 = SYS1_FIREFOX_HEADLESSON|Any CPU
		{C572170C-1ABB-449B-BE02-8344EB934544}.SYS1_INTERNETEXPLORER|Any CPU.ActiveCfg = SYS1_INTERNETEXPLORER|Any CPU
		{C572170C-1ABB-449B-BE02-8344EB934544}.SYS1_INTERNETEXPLORER|Any CPU.Build.0 = SYS1_INTERNETEXPLORER|Any CPU
		{C572170C-1ABB-449B-BE02-8344EB934544}.UAT_CHROME_HEADLESSOFF|Any CPU.ActiveCfg = UAT_CHROME_HEADLESSOFF|Any CPU
		{C572170C-1ABB-449B-BE02-8344EB934544}.UAT_CHROME_HEADLESSOFF|Any CPU.Build.0 = UAT_CHROME_HEADLESSOFF|Any CPU
		{C572170C-1ABB-449B-BE02-8344EB934544}.UAT_CHROME_HEADLESSON|Any CPU.ActiveCfg = SYS1_INTERNETEXPLORER|Any CPU
		{C572170C-1ABB-449B-BE02-8344EB934544}.UAT_CHROME_HEADLESSON|Any CPU.Build.0 = SYS1_INTERNETEXPLORER|Any CPU
		{C572170C-1ABB-449B-BE02-8344EB934544}.UAT_FIREFOX_HEADLESSOFF|Any CPU.ActiveCfg = UAT_FIREFOX_HEADLESSOFF|Any CPU
		{C572170C-1ABB-449B-BE02-8344EB934544}.UAT_FIREFOX_HEADLESSOFF|Any CPU.Build.0 = UAT_FIREFOX_HEADLESSOFF|Any CPU
		{C572170C-1ABB-449B-BE02-8344EB934544}.UAT_FIREFOX_HEADLESSON|Any CPU.ActiveCfg = UAT_FIREFOX_HEADLESSON|Any CPU
		{C572170C-1ABB-449B-BE02-8344EB934544}.UAT_FIREFOX_HEADLESSON|Any CPU.Build.0 = UAT_FIREFOX_HEADLESSON|Any CPU
		{C572170C-1ABB-449B-BE02-8344EB934544}.UAT_INTERNETEXPLORER|Any CPU.ActiveCfg = UAT_INTERNETEXPLORER|Any CPU
		{C572170C-1ABB-449B-BE02-8344EB934544}.UAT_INTERNETEXPLORER|Any CPU.Build.0 = UAT_INTERNETEXPLORER|Any CPU
	EndGlobalSection
	GlobalSection(SolutionProperties) = preSolution
		HideSolutionNode = FALSE
	EndGlobalSection
	GlobalSection(ExtensibilityGlobals) = postSolution
		SolutionGuid = {2D77F7C0-97AE-4CD4-862A-A308B225DBF3}
	EndGlobalSection
EndGlobal
