
Microsoft Visual Studio Solution File, Format Version 12.00
# Visual Studio 15
VisualStudioVersion = 15.0.27428.2015
MinimumVisualStudioVersion = 10.0.40219.1
Project("{FAE04EC0-301F-11D3-BF4B-00C04F79EFBC}") = "PayPalStandaloneTests", "PayPalStandaloneTests\PayPalStandaloneTests.csproj", "{09210F45-864E-4B07-BB5A-D39F49565593}"
EndProject
Project("{FAE04EC0-301F-11D3-BF4B-00C04F79EFBC}") = "PlanetWinE2ETests", "PlanetWinE2ETests\PlanetWinE2ETests.csproj", "{8FBA4AEE-06EC-4E43-A81F-4A6F45FC742A}"
EndProject
Project("{FAE04EC0-301F-11D3-BF4B-00C04F79EFBC}") = "PayPalStepLibrary", "PayPalStepLibrary\PayPalStepLibrary.csproj", "{AD07685D-099A-4062-895C-E20EB64E3536}"
EndProject
Global
	GlobalSection(SolutionConfigurationPlatforms) = preSolution
		Debug|Any CPU = Debug|Any CPU
		DEV|Any CPU = DEV|Any CPU
		Release|Any CPU = Release|Any CPU
	EndGlobalSection
	GlobalSection(ProjectConfigurationPlatforms) = postSolution
		{09210F45-864E-4B07-BB5A-D39F49565593}.Debug|Any CPU.ActiveCfg = Debug|Any CPU
		{09210F45-864E-4B07-BB5A-D39F49565593}.Debug|Any CPU.Build.0 = Debug|Any CPU
		{09210F45-864E-4B07-BB5A-D39F49565593}.DEV|Any CPU.ActiveCfg = DEV|Any CPU
		{09210F45-864E-4B07-BB5A-D39F49565593}.DEV|Any CPU.Build.0 = DEV|Any CPU
		{09210F45-864E-4B07-BB5A-D39F49565593}.Release|Any CPU.ActiveCfg = Release|Any CPU
		{09210F45-864E-4B07-BB5A-D39F49565593}.Release|Any CPU.Build.0 = Release|Any CPU
		{8FBA4AEE-06EC-4E43-A81F-4A6F45FC742A}.Debug|Any CPU.ActiveCfg = Debug|Any CPU
		{8FBA4AEE-06EC-4E43-A81F-4A6F45FC742A}.Debug|Any CPU.Build.0 = Debug|Any CPU
		{8FBA4AEE-06EC-4E43-A81F-4A6F45FC742A}.DEV|Any CPU.ActiveCfg = DEV|Any CPU
		{8FBA4AEE-06EC-4E43-A81F-4A6F45FC742A}.DEV|Any CPU.Build.0 = DEV|Any CPU
		{8FBA4AEE-06EC-4E43-A81F-4A6F45FC742A}.Release|Any CPU.ActiveCfg = Release|Any CPU
		{8FBA4AEE-06EC-4E43-A81F-4A6F45FC742A}.Release|Any CPU.Build.0 = Release|Any CPU
		{AD07685D-099A-4062-895C-E20EB64E3536}.Debug|Any CPU.ActiveCfg = Debug|Any CPU
		{AD07685D-099A-4062-895C-E20EB64E3536}.Debug|Any CPU.Build.0 = Debug|Any CPU
		{AD07685D-099A-4062-895C-E20EB64E3536}.DEV|Any CPU.ActiveCfg = Debug|Any CPU
		{AD07685D-099A-4062-895C-E20EB64E3536}.DEV|Any CPU.Build.0 = Debug|Any CPU
		{AD07685D-099A-4062-895C-E20EB64E3536}.Release|Any CPU.ActiveCfg = Release|Any CPU
		{AD07685D-099A-4062-895C-E20EB64E3536}.Release|Any CPU.Build.0 = Release|Any CPU
	EndGlobalSection
	GlobalSection(SolutionProperties) = preSolution
		HideSolutionNode = FALSE
	EndGlobalSection
	GlobalSection(ExtensibilityGlobals) = postSolution
		SolutionGuid = {83887CDA-FE2B-430B-A292-22E7864D8A7E}
	EndGlobalSection
EndGlobal
