
Microsoft Visual Studio Solution File, Format Version 12.00
# Visual Studio Version 16
VisualStudioVersion = 16.0.29020.237
MinimumVisualStudioVersion = 10.0.40219.1
Project("{9A19103F-16F7-4668-BE54-9A1E7A4F7556}") = "Drelanium.Tests.PageObjects", "Drelanium.Tests.PageObjects\Drelanium.Tests.PageObjects.csproj", "{2679DFD9-3472-41D8-AAE9-FA13D4EF666D}"
EndProject
Project("{9A19103F-16F7-4668-BE54-9A1E7A4F7556}") = "Drelanium.Tests.SpecFlow.xUnit", "Drelanium.Tests.SpecFlow.xUnit\Drelanium.Tests.SpecFlow.xUnit.csproj", "{8611F3F5-4728-42C3-B91E-0D9DFF5102D3}"
EndProject
Global
	GlobalSection(SolutionConfigurationPlatforms) = preSolution
		Debug|Any CPU = Debug|Any CPU
		Release|Any CPU = Release|Any CPU
	EndGlobalSection
	GlobalSection(ProjectConfigurationPlatforms) = postSolution
		{2679DFD9-3472-41D8-AAE9-FA13D4EF666D}.Debug|Any CPU.ActiveCfg = Debug|Any CPU
		{2679DFD9-3472-41D8-AAE9-FA13D4EF666D}.Debug|Any CPU.Build.0 = Debug|Any CPU
		{2679DFD9-3472-41D8-AAE9-FA13D4EF666D}.Release|Any CPU.ActiveCfg = Release|Any CPU
		{2679DFD9-3472-41D8-AAE9-FA13D4EF666D}.Release|Any CPU.Build.0 = Release|Any CPU
		{8611F3F5-4728-42C3-B91E-0D9DFF5102D3}.Debug|Any CPU.ActiveCfg = Debug|Any CPU
		{8611F3F5-4728-42C3-B91E-0D9DFF5102D3}.Debug|Any CPU.Build.0 = Debug|Any CPU
		{8611F3F5-4728-42C3-B91E-0D9DFF5102D3}.Release|Any CPU.ActiveCfg = Release|Any CPU
		{8611F3F5-4728-42C3-B91E-0D9DFF5102D3}.Release|Any CPU.Build.0 = Release|Any CPU
	EndGlobalSection
	GlobalSection(SolutionProperties) = preSolution
		HideSolutionNode = FALSE
	EndGlobalSection
	GlobalSection(ExtensibilityGlobals) = postSolution
		SolutionGuid = {FA81581F-E18E-4F88-B39D-3B77C71D9BD2}
	EndGlobalSection
EndGlobal
