
Microsoft Visual Studio Solution File, Format Version 12.00
# Visual Studio 15
VisualStudioVersion = 15.0.27428.2015
MinimumVisualStudioVersion = 10.0.40219.1
Project("{FAE04EC0-301F-11D3-BF4B-00C04F79EFBC}") = "ServiceWrappers", "ServiceWrappers\ServiceWrappers.csproj", "{CAD927FC-BF5C-4CDC-AEF2-A13E13D13321}"
EndProject
Global
	GlobalSection(SolutionConfigurationPlatforms) = preSolution
		Debug|Any CPU = Debug|Any CPU
		Release|Any CPU = Release|Any CPU
	EndGlobalSection
	GlobalSection(ProjectConfigurationPlatforms) = postSolution
		{CAD927FC-BF5C-4CDC-AEF2-A13E13D13321}.Debug|Any CPU.ActiveCfg = Debug|Any CPU
		{CAD927FC-BF5C-4CDC-AEF2-A13E13D13321}.Debug|Any CPU.Build.0 = Debug|Any CPU
		{CAD927FC-BF5C-4CDC-AEF2-A13E13D13321}.Release|Any CPU.ActiveCfg = Release|Any CPU
		{CAD927FC-BF5C-4CDC-AEF2-A13E13D13321}.Release|Any CPU.Build.0 = Release|Any CPU
	EndGlobalSection
	GlobalSection(SolutionProperties) = preSolution
		HideSolutionNode = FALSE
	EndGlobalSection
	GlobalSection(ExtensibilityGlobals) = postSolution
		SolutionGuid = {C4080045-BEAE-4BE1-B863-1EFD8146F6D2}
	EndGlobalSection
EndGlobal
