
Microsoft Visual Studio Solution File, Format Version 12.00
# Visual Studio 15
VisualStudioVersion = 15.0.27428.2015
MinimumVisualStudioVersion = 10.0.40219.1
Project("{FAE04EC0-301F-11D3-BF4B-00C04F79EFBC}") = "WebFuntionalTests", "WebFuntionalTests\WebFuntionalTests.csproj", "{8FBA4AEE-06EC-4E43-A81F-4A6F45FC742A}"
EndProject
Project("{FAE04EC0-301F-11D3-BF4B-00C04F79EFBC}") = "TestCommon", "TestCommon\TestCommon.csproj", "{F21B8FF0-E544-45D1-AE75-5FEC8FDB0837}"
EndProject
Global
	GlobalSection(SolutionConfigurationPlatforms) = preSolution
		Debug|Any CPU = Debug|Any CPU
		DEV|Any CPU = DEV|Any CPU
		Release|Any CPU = Release|Any CPU
	EndGlobalSection
	GlobalSection(ProjectConfigurationPlatforms) = postSolution
		{8FBA4AEE-06EC-4E43-A81F-4A6F45FC742A}.Debug|Any CPU.ActiveCfg = Debug|Any CPU
		{8FBA4AEE-06EC-4E43-A81F-4A6F45FC742A}.Debug|Any CPU.Build.0 = Debug|Any CPU
		{8FBA4AEE-06EC-4E43-A81F-4A6F45FC742A}.DEV|Any CPU.ActiveCfg = DEV|Any CPU
		{8FBA4AEE-06EC-4E43-A81F-4A6F45FC742A}.DEV|Any CPU.Build.0 = DEV|Any CPU
		{8FBA4AEE-06EC-4E43-A81F-4A6F45FC742A}.Release|Any CPU.ActiveCfg = Release|Any CPU
		{8FBA4AEE-06EC-4E43-A81F-4A6F45FC742A}.Release|Any CPU.Build.0 = Release|Any CPU
		{F21B8FF0-E544-45D1-AE75-5FEC8FDB0837}.Debug|Any CPU.ActiveCfg = Debug|Any CPU
		{F21B8FF0-E544-45D1-AE75-5FEC8FDB0837}.Debug|Any CPU.Build.0 = Debug|Any CPU
		{F21B8FF0-E544-45D1-AE75-5FEC8FDB0837}.DEV|Any CPU.ActiveCfg = Debug|Any CPU
		{F21B8FF0-E544-45D1-AE75-5FEC8FDB0837}.DEV|Any CPU.Build.0 = Debug|Any CPU
		{F21B8FF0-E544-45D1-AE75-5FEC8FDB0837}.Release|Any CPU.ActiveCfg = Release|Any CPU
		{F21B8FF0-E544-45D1-AE75-5FEC8FDB0837}.Release|Any CPU.Build.0 = Release|Any CPU
	EndGlobalSection
	GlobalSection(SolutionProperties) = preSolution
		HideSolutionNode = FALSE
	EndGlobalSection
	GlobalSection(ExtensibilityGlobals) = postSolution
		SolutionGuid = {83887CDA-FE2B-430B-A292-22E7864D8A7E}
	EndGlobalSection
EndGlobal
